
Microsoft Visual Studio Solution File, Format Version 12.00
# Visual Studio Version 17
VisualStudioVersion = 17.10.35027.167
MinimumVisualStudioVersion = 10.0.40219.1
Project("{FAE04EC0-301F-11D3-BF4B-00C04F79EFBC}") = "Midterm Problem 3", "Midterm Problem 3\Midterm Problem 3.csproj", "{2AF2B0E1-83DA-41AE-90CE-9EBE6130AC22}"
EndProject
Global
	GlobalSection(SolutionConfigurationPlatforms) = preSolution
		Debug|Any CPU = Debug|Any CPU
		Release|Any CPU = Release|Any CPU
	EndGlobalSection
	GlobalSection(ProjectConfigurationPlatforms) = postSolution
		{2AF2B0E1-83DA-41AE-90CE-9EBE6130AC22}.Debug|Any CPU.ActiveCfg = Debug|Any CPU
		{2AF2B0E1-83DA-41AE-90CE-9EBE6130AC22}.Debug|Any CPU.Build.0 = Debug|Any CPU
		{2AF2B0E1-83DA-41AE-90CE-9EBE6130AC22}.Release|Any CPU.ActiveCfg = Release|Any CPU
		{2AF2B0E1-83DA-41AE-90CE-9EBE6130AC22}.Release|Any CPU.Build.0 = Release|Any CPU
	EndGlobalSection
	GlobalSection(SolutionProperties) = preSolution
		HideSolutionNode = FALSE
	EndGlobalSection
	GlobalSection(ExtensibilityGlobals) = postSolution
		SolutionGuid = {DE9D2F98-9D03-4FE4-85BE-607C78A52FA9}
	EndGlobalSection
EndGlobal
